{
  "name": "@3eq/calendar",
  "version": "1.0.9",
  "lockfileVersion": 2,
  "requires": true,
  "packages": {
    "": {
      "name": "@3eq/calendar",
      "version": "1.0.9",
      "license": "MIT",
      "dependencies": {
        "@stencil/sass": "^3.0.0",
        "moment": "^2.29.4"
      },
      "devDependencies": {
        "@stencil/core": "^3.1.0"
      }
    },
    "node_modules/@stencil/core": {
      "version": "3.1.0",
      "resolved": "https://registry.npmjs.org/@stencil/core/-/core-3.1.0.tgz",
      "integrity": "sha512-Zfe+evaw9m2L/HkTO97Hu8go2ThXrObyWkVqa7V3HjTnq+8TUd/nwld9PC0bOItC/eyMRXsWHdEDCpJAZ1tEVQ==",
      "bin": {
        "stencil": "bin/stencil"
      },
      "engines": {
        "node": ">=14.10.0",
        "npm": ">=6.0.0"
      }
    },
    "node_modules/@stencil/sass": {
      "version": "3.0.0",
      "resolved": "https://registry.npmjs.org/@stencil/sass/-/sass-3.0.0.tgz",
      "integrity": "sha512-P9NuT5G2ncy+BkQ0fAS+KDuwN+BlDr17yEAHCaEejGZDXK4hhhsxjm0ea8KCwEdDbzui4GDF6DS3VNDtUB6Hzg==",
      "peerDependencies": {
        "@stencil/core": ">=2.0.0 || >=3.0.0-beta.0"
      }
    },
    "node_modules/moment": {
      "version": "2.29.4",
      "resolved": "https://registry.npmjs.org/moment/-/moment-2.29.4.tgz",
      "integrity": "sha512-5LC9SOxjSc2HF6vO2CyuTDNivEdoz2IvyJJGj6X8DJ0eFyfszE0QiEd+iXmBvUP3WHxSjFH/vIsA0EN00cgr8w==",
      "engines": {
        "node": "*"
      }
    }
  },
  "dependencies": {
    "@stencil/core": {
      "version": "3.1.0",
      "resolved": "https://registry.npmjs.org/@stencil/core/-/core-3.1.0.tgz",
      "integrity": "sha512-Zfe+evaw9m2L/HkTO97Hu8go2ThXrObyWkVqa7V3HjTnq+8TUd/nwld9PC0bOItC/eyMRXsWHdEDCpJAZ1tEVQ=="
    },
    "@stencil/sass": {
      "version": "3.0.0",
      "resolved": "https://registry.npmjs.org/@stencil/sass/-/sass-3.0.0.tgz",
      "integrity": "sha512-P9NuT5G2ncy+BkQ0fAS+KDuwN+BlDr17yEAHCaEejGZDXK4hhhsxjm0ea8KCwEdDbzui4GDF6DS3VNDtUB6Hzg==",
      "requires": {}
    },
    "moment": {
      "version": "2.29.4",
      "resolved": "https://registry.npmjs.org/moment/-/moment-2.29.4.tgz",
      "integrity": "sha512-5LC9SOxjSc2HF6vO2CyuTDNivEdoz2IvyJJGj6X8DJ0eFyfszE0QiEd+iXmBvUP3WHxSjFH/vIsA0EN00cgr8w=="
    }
  }
}
